
Microsoft Visual Studio Solution File, Format Version 12.00
# Visual Studio Version 17
VisualStudioVersion = 17.6.33815.320
MinimumVisualStudioVersion = 10.0.40219.1
Project("{FAE04EC0-301F-11D3-BF4B-00C04F79EFBC}") = "StateDesignPattern", "StateDesignPattern\StateDesignPattern.csproj", "{B7820208-8D84-47C5-A56E-E6942509429B}"
EndProject
Global
	GlobalSection(SolutionConfigurationPlatforms) = preSolution
		Debug|Any CPU = Debug|Any CPU
		Release|Any CPU = Release|Any CPU
	EndGlobalSection
	GlobalSection(ProjectConfigurationPlatforms) = postSolution
		{B7820208-8D84-47C5-A56E-E6942509429B}.Debug|Any CPU.ActiveCfg = Debug|Any CPU
		{B7820208-8D84-47C5-A56E-E6942509429B}.Debug|Any CPU.Build.0 = Debug|Any CPU
		{B7820208-8D84-47C5-A56E-E6942509429B}.Release|Any CPU.ActiveCfg = Release|Any CPU
		{B7820208-8D84-47C5-A56E-E6942509429B}.Release|Any CPU.Build.0 = Release|Any CPU
	EndGlobalSection
	GlobalSection(SolutionProperties) = preSolution
		HideSolutionNode = FALSE
	EndGlobalSection
	GlobalSection(ExtensibilityGlobals) = postSolution
		SolutionGuid = {C38A65DB-A292-411C-99A9-80F9C02F68F1}
	EndGlobalSection
EndGlobal
